// !$*UTF8*$!
{
	archiveVersion = 1;
	classes = {
	};
	objectVersion = 55;
	objects = {

/* Begin PBXBuildFile section */
		3C9DC01128AB1BC500F7DF07 /* BMI_SwiftUIApp.swift in Sources */ = {isa = PBXBuildFile; fileRef = 3C9DC01028AB1BC500F7DF07 /* BMI_SwiftUIApp.swift */; };
		3C9DC01328AB1BC500F7DF07 /* ContentView.swift in Sources */ = {isa = PBXBuildFile; fileRef = 3C9DC01228AB1BC500F7DF07 /* ContentView.swift */; };
		3C9DC01528AB1BC600F7DF07 /* Assets.xcassets in Resources */ = {isa = PBXBuildFile; fileRef = 3C9DC01428AB1BC600F7DF07 /* Assets.xcassets */; };
		3C9DC01828AB1BC600F7DF07 /* Preview Assets.xcassets in Resources */ = {isa = PBXBuildFile; fileRef = 3C9DC01728AB1BC600F7DF07 /* Preview Assets.xcassets */; };
		3C9DC02228AB1BC600F7DF07 /* BMI_SwiftUITests.swift in Sources */ = {isa = PBXBuildFile; fileRef = 3C9DC02128AB1BC600F7DF07 /* BMI_SwiftUITests.swift */; };
		3C9DC02C28AB1BC600F7DF07 /* BMI_SwiftUIUITests.swift in Sources */ = {isa = PBXBuildFile; fileRef = 3C9DC02B28AB1BC600F7DF07 /* BMI_SwiftUIUITests.swift */; };
		3C9DC02E28AB1BC600F7DF07 /* BMI_SwiftUIUITestsLaunchTests.swift in Sources */ = {isa = PBXBuildFile; fileRef = 3C9DC02D28AB1BC600F7DF07 /* BMI_SwiftUIUITestsLaunchTests.swift */; };
/* End PBXBuildFile section */

/* Begin PBXContainerItemProxy section */
		3C9DC01E28AB1BC600F7DF07 /* PBXContainerItemProxy */ = {
			isa = PBXContainerItemProxy;
			containerPortal = 3C9DC00528AB1BC500F7DF07 /* Project object */;
			proxyType = 1;
			remoteGlobalIDString = 3C9DC00C28AB1BC500F7DF07;
			remoteInfo = BMI_SwiftUI;
		};
		3C9DC02828AB1BC600F7DF07 /* PBXContainerItemProxy */ = {
			isa = PBXContainerItemProxy;
			containerPortal = 3C9DC00528AB1BC500F7DF07 /* Project object */;
			proxyType = 1;
			remoteGlobalIDString = 3C9DC00C28AB1BC500F7DF07;
			remoteInfo = BMI_SwiftUI;
		};
/* End PBXContainerItemProxy section */

/* Begin PBXFileReference section */
		3C9DC00D28AB1BC500F7DF07 /* BMI_SwiftUI.app */ = {isa = PBXFileReference; explicitFileType = wrapper.application; includeInIndex = 0; path = BMI_SwiftUI.app; sourceTree = BUILT_PRODUCTS_DIR; };
		3C9DC01028AB1BC500F7DF07 /* BMI_SwiftUIApp.swift */ = {isa = PBXFileReference; lastKnownFileType = sourcecode.swift; path = BMI_SwiftUIApp.swift; sourceTree = "<group>"; };
		3C9DC01228AB1BC500F7DF07 /* ContentView.swift */ = {isa = PBXFileReference; lastKnownFileType = sourcecode.swift; path = ContentView.swift; sourceTree = "<group>"; };
		3C9DC01428AB1BC600F7DF07 /* Assets.xcassets */ = {isa = PBXFileReference; lastKnownFileType = folder.assetcatalog; path = Assets.xcassets; sourceTree = "<group>"; };
		3C9DC01728AB1BC600F7DF07 /* Preview Assets.xcassets */ = {isa = PBXFileReference; lastKnownFileType = folder.assetcatalog; path = "Preview Assets.xcassets"; sourceTree = "<group>"; };
		3C9DC01D28AB1BC600F7DF07 /* BMI_SwiftUITests.xctest */ = {isa = PBXFileReference; explicitFileType = wrapper.cfbundle; includeInIndex = 0; path = BMI_SwiftUITests.xctest; sourceTree = BUILT_PRODUCTS_DIR; };
		3C9DC02128AB1BC600F7DF07 /* BMI_SwiftUITests.swift */ = {isa = PBXFileReference; lastKnownFileType = sourcecode.swift; path = BMI_SwiftUITests.swift; sourceTree = "<group>"; };
		3C9DC02728AB1BC600F7DF07 /* BMI_SwiftUIUITests.xctest */ = {isa = PBXFileReference; explicitFileType = wrapper.cfbundle; includeInIndex = 0; path = BMI_SwiftUIUITests.xctest; sourceTree = BUILT_PRODUCTS_DIR; };
		3C9DC02B28AB1BC600F7DF07 /* BMI_SwiftUIUITests.swift */ = {isa = PBXFileReference; lastKnownFileType = sourcecode.swift; path = BMI_SwiftUIUITests.swift; sourceTree = "<group>"; };
		3C9DC02D28AB1BC600F7DF07 /* BMI_SwiftUIUITestsLaunchTests.swift */ = {isa = PBXFileReference; lastKnownFileType = sourcecode.swift; path = BMI_SwiftUIUITestsLaunchTests.swift; sourceTree = "<group>"; };
/* End PBXFileReference section */

/* Begin PBXFrameworksBuildPhase section */
		3C9DC00A28AB1BC500F7DF07 /* Frameworks */ = {
			isa = PBXFrameworksBuildPhase;
			buildActionMask = 2147483647;
			files = (
			);
			runOnlyForDeploymentPostprocessing = 0;
		};
		3C9DC01A28AB1BC600F7DF07 /* Frameworks */ = {
			isa = PBXFrameworksBuildPhase;
			buildActionMask = 2147483647;
			files = (
			);
			runOnlyForDeploymentPostprocessing = 0;
		};
		3C9DC02428AB1BC600F7DF07 /* Frameworks */ = {
			isa = PBXFrameworksBuildPhase;
			buildActionMask = 2147483647;
			files = (
			);
			runOnlyForDeploymentPostprocessing = 0;
		};
/* End PBXFrameworksBuildPhase section */

/* Begin PBXGroup section */
		3C9DC00428AB1BC500F7DF07 = {
			isa = PBXGroup;
			children = (
				3C9DC00F28AB1BC500F7DF07 /* BMI_SwiftUI */,
				3C9DC02028AB1BC600F7DF07 /* BMI_SwiftUITests */,
				3C9DC02A28AB1BC600F7DF07 /* BMI_SwiftUIUITests */,
				3C9DC00E28AB1BC500F7DF07 /* Products */,
			);
			sourceTree = "<group>";
		};
		3C9DC00E28AB1BC500F7DF07 /* Products */ = {
			isa = PBXGroup;
			children = (
				3C9DC00D28AB1BC500F7DF07 /* BMI_SwiftUI.app */,
				3C9DC01D28AB1BC600F7DF07 /* BMI_SwiftUITests.xctest */,
				3C9DC02728AB1BC600F7DF07 /* BMI_SwiftUIUITests.xctest */,
			);
			name = Products;
			sourceTree = "<group>";
		};
		3C9DC00F28AB1BC500F7DF07 /* BMI_SwiftUI */ = {
			isa = PBXGroup;
			children = (
				3C9DC01028AB1BC500F7DF07 /* BMI_SwiftUIApp.swift */,
				3C9DC01228AB1BC500F7DF07 /* ContentView.swift */,
				3C9DC01428AB1BC600F7DF07 /* Assets.xcassets */,
				3C9DC01628AB1BC600F7DF07 /* Preview Content */,
			);
			path = BMI_SwiftUI;
			sourceTree = "<group>";
		};
		3C9DC01628AB1BC600F7DF07 /* Preview Content */ = {
			isa = PBXGroup;
			children = (
				3C9DC01728AB1BC600F7DF07 /* Preview Assets.xcassets */,
			);
			path = "Preview Content";
			sourceTree = "<group>";
		};
		3C9DC02028AB1BC600F7DF07 /* BMI_SwiftUITests */ = {
			isa = PBXGroup;
			children = (
				3C9DC02128AB1BC600F7DF07 /* BMI_SwiftUITests.swift */,
			);
			path = BMI_SwiftUITests;
			sourceTree = "<group>";
		};
		3C9DC02A28AB1BC600F7DF07 /* BMI_SwiftUIUITests */ = {
			isa = PBXGroup;
			children = (
				3C9DC02B28AB1BC600F7DF07 /* BMI_SwiftUIUITests.swift */,
				3C9DC02D28AB1BC600F7DF07 /* BMI_SwiftUIUITestsLaunchTests.swift */,
			);
			path = BMI_SwiftUIUITests;
			sourceTree = "<group>";
		};
/* End PBXGroup section */

/* Begin PBXNativeTarget section */
		3C9DC00C28AB1BC500F7DF07 /* BMI_SwiftUI */ = {
			isa = PBXNativeTarget;
			buildConfigurationList = 3C9DC03128AB1BC600F7DF07 /* Build configuration list for PBXNativeTarget "BMI_SwiftUI" */;
			buildPhases = (
				3C9DC00928AB1BC500F7DF07 /* Sources */,
				3C9DC00A28AB1BC500F7DF07 /* Frameworks */,
				3C9DC00B28AB1BC500F7DF07 /* Resources */,
			);
			buildRules = (
			);
			dependencies = (
			);
			name = BMI_SwiftUI;
			productName = BMI_SwiftUI;
			productReference = 3C9DC00D28AB1BC500F7DF07 /* BMI_SwiftUI.app */;
			productType = "com.apple.product-type.application";
		};
		3C9DC01C28AB1BC600F7DF07 /* BMI_SwiftUITests */ = {
			isa = PBXNativeTarget;
			buildConfigurationList = 3C9DC03428AB1BC600F7DF07 /* Build configuration list for PBXNativeTarget "BMI_SwiftUITests" */;
			buildPhases = (
				3C9DC01928AB1BC600F7DF07 /* Sources */,
				3C9DC01A28AB1BC600F7DF07 /* Frameworks */,
				3C9DC01B28AB1BC600F7DF07 /* Resources */,
			);
			buildRules = (
			);
			dependencies = (
				3C9DC01F28AB1BC600F7DF07 /* PBXTargetDependency */,
			);
			name = BMI_SwiftUITests;
			productName = BMI_SwiftUITests;
			productReference = 3C9DC01D28AB1BC600F7DF07 /* BMI_SwiftUITests.xctest */;
			productType = "com.apple.product-type.bundle.unit-test";
		};
		3C9DC02628AB1BC600F7DF07 /* BMI_SwiftUIUITests */ = {
			isa = PBXNativeTarget;
			buildConfigurationList = 3C9DC03728AB1BC600F7DF07 /* Build configuration list for PBXNativeTarget "BMI_SwiftUIUITests" */;
			buildPhases = (
				3C9DC02328AB1BC600F7DF07 /* Sources */,
				3C9DC02428AB1BC600F7DF07 /* Frameworks */,
				3C9DC02528AB1BC600F7DF07 /* Resources */,
			);
			buildRules = (
			);
			dependencies = (
				3C9DC02928AB1BC600F7DF07 /* PBXTargetDependency */,
			);
			name = BMI_SwiftUIUITests;
			productName = BMI_SwiftUIUITests;
			productReference = 3C9DC02728AB1BC600F7DF07 /* BMI_SwiftUIUITests.xctest */;
			productType = "com.apple.product-type.bundle.ui-testing";
		};
/* End PBXNativeTarget section */

/* Begin PBXProject section */
		3C9DC00528AB1BC500F7DF07 /* Project object */ = {
			isa = PBXProject;
			attributes = {
				BuildIndependentTargetsInParallel = 1;
				LastSwiftUpdateCheck = 1340;
				LastUpgradeCheck = 1340;
				TargetAttributes = {
					3C9DC00C28AB1BC500F7DF07 = {
						CreatedOnToolsVersion = 13.4.1;
					};
					3C9DC01C28AB1BC600F7DF07 = {
						CreatedOnToolsVersion = 13.4.1;
						TestTargetID = 3C9DC00C28AB1BC500F7DF07;
					};
					3C9DC02628AB1BC600F7DF07 = {
						CreatedOnToolsVersion = 13.4.1;
						TestTargetID = 3C9DC00C28AB1BC500F7DF07;
					};
				};
			};
			buildConfigurationList = 3C9DC00828AB1BC500F7DF07 /* Build configuration list for PBXProject "BMI_SwiftUI" */;
			compatibilityVersion = "Xcode 13.0";
			developmentRegion = en;
			hasScannedForEncodings = 0;
			knownRegions = (
				en,
				Base,
			);
			mainGroup = 3C9DC00428AB1BC500F7DF07;
			productRefGroup = 3C9DC00E28AB1BC500F7DF07 /* Products */;
			projectDirPath = "";
			projectRoot = "";
			targets = (
				3C9DC00C28AB1BC500F7DF07 /* BMI_SwiftUI */,
				3C9DC01C28AB1BC600F7DF07 /* BMI_SwiftUITests */,
				3C9DC02628AB1BC600F7DF07 /* BMI_SwiftUIUITests */,
			);
		};
/* End PBXProject section */

/* Begin PBXResourcesBuildPhase section */
		3C9DC00B28AB1BC500F7DF07 /* Resources */ = {
			isa = PBXResourcesBuildPhase;
			buildActionMask = 2147483647;
			files = (
				3C9DC01828AB1BC600F7DF07 /* Preview Assets.xcassets in Resources */,
				3C9DC01528AB1BC600F7DF07 /* Assets.xcassets in Resources */,
			);
			runOnlyForDeploymentPostprocessing = 0;
		};
		3C9DC01B28AB1BC600F7DF07 /* Resources */ = {
			isa = PBXResourcesBuildPhase;
			buildActionMask = 2147483647;
			files = (
			);
			runOnlyForDeploymentPostprocessing = 0;
		};
		3C9DC02528AB1BC600F7DF07 /* Resources */ = {
			isa = PBXResourcesBuildPhase;
			buildActionMask = 2147483647;
			files = (
			);
			runOnlyForDeploymentPostprocessing = 0;
		};
/* End PBXResourcesBuildPhase section */

/* Begin PBXSourcesBuildPhase section */
		3C9DC00928AB1BC500F7DF07 /* Sources */ = {
			isa = PBXSourcesBuildPhase;
			buildActionMask = 2147483647;
			files = (
				3C9DC01328AB1BC500F7DF07 /* ContentView.swift in Sources */,
				3C9DC01128AB1BC500F7DF07 /* BMI_SwiftUIApp.swift in Sources */,
			);
			runOnlyForDeploymentPostprocessing = 0;
		};
		3C9DC01928AB1BC600F7DF07 /* Sources */ = {
			isa = PBXSourcesBuildPhase;
			buildActionMask = 2147483647;
			files = (
				3C9DC02228AB1BC600F7DF07 /* BMI_SwiftUITests.swift in Sources */,
			);
			runOnlyForDeploymentPostprocessing = 0;
		};
		3C9DC02328AB1BC600F7DF07 /* Sources */ = {
			isa = PBXSourcesBuildPhase;
			buildActionMask = 2147483647;
			files = (
				3C9DC02C28AB1BC600F7DF07 /* BMI_SwiftUIUITests.swift in Sources */,
				3C9DC02E28AB1BC600F7DF07 /* BMI_SwiftUIUITestsLaunchTests.swift in Sources */,
			);
			runOnlyForDeploymentPostprocessing = 0;
		};
/* End PBXSourcesBuildPhase section */

/* Begin PBXTargetDependency section */
		3C9DC01F28AB1BC600F7DF07 /* PBXTargetDependency */ = {
			isa = PBXTargetDependency;
			target = 3C9DC00C28AB1BC500F7DF07 /* BMI_SwiftUI */;
			targetProxy = 3C9DC01E28AB1BC600F7DF07 /* PBXContainerItemProxy */;
		};
		3C9DC02928AB1BC600F7DF07 /* PBXTargetDependency */ = {
			isa = PBXTargetDependency;
			target = 3C9DC00C28AB1BC500F7DF07 /* BMI_SwiftUI */;
			targetProxy = 3C9DC02828AB1BC600F7DF07 /* PBXContainerItemProxy */;
		};
/* End PBXTargetDependency section */

/* Begin XCBuildConfiguration section */
		3C9DC02F28AB1BC600F7DF07 /* Debug */ = {
			isa = XCBuildConfiguration;
			buildSettings = {
				ALWAYS_SEARCH_USER_PATHS = NO;
				CLANG_ANALYZER_NONNULL = YES;
				CLANG_ANALYZER_NUMBER_OBJECT_CONVERSION = YES_AGGRESSIVE;
				CLANG_CXX_LANGUAGE_STANDARD = "gnu++17";
				CLANG_ENABLE_MODULES = YES;
				CLANG_ENABLE_OBJC_ARC = YES;
				CLANG_ENABLE_OBJC_WEAK = YES;
				CLANG_WARN_BLOCK_CAPTURE_AUTORELEASING = YES;
				CLANG_WARN_BOOL_CONVERSION = YES;
				CLANG_WARN_COMMA = YES;
				CLANG_WARN_CONSTANT_CONVERSION = YES;
				CLANG_WARN_DEPRECATED_OBJC_IMPLEMENTATIONS = YES;
				CLANG_WARN_DIRECT_OBJC_ISA_USAGE = YES_ERROR;
				CLANG_WARN_DOCUMENTATION_COMMENTS = YES;
				CLANG_WARN_EMPTY_BODY = YES;
				CLANG_WARN_ENUM_CONVERSION = YES;
				CLANG_WARN_INFINITE_RECURSION = YES;
				CLANG_WARN_INT_CONVERSION = YES;
				CLANG_WARN_NON_LITERAL_NULL_CONVERSION = YES;
				CLANG_WARN_OBJC_IMPLICIT_RETAIN_SELF = YES;
				CLANG_WARN_OBJC_LITERAL_CONVERSION = YES;
				CLANG_WARN_OBJC_ROOT_CLASS = YES_ERROR;
				CLANG_WARN_QUOTED_INCLUDE_IN_FRAMEWORK_HEADER = YES;
				CLANG_WARN_RANGE_LOOP_ANALYSIS = YES;
				CLANG_WARN_STRICT_PROTOTYPES = YES;
				CLANG_WARN_SUSPICIOUS_MOVE = YES;
				CLANG_WARN_UNGUARDED_AVAILABILITY = YES_AGGRESSIVE;
				CLANG_WARN_UNREACHABLE_CODE = YES;
				CLANG_WARN__DUPLICATE_METHOD_MATCH = YES;
				COPY_PHASE_STRIP = NO;
				DEBUG_INFORMATION_FORMAT = dwarf;
				ENABLE_STRICT_OBJC_MSGSEND = YES;
				ENABLE_TESTABILITY = YES;
				GCC_C_LANGUAGE_STANDARD = gnu11;
				GCC_DYNAMIC_NO_PIC = NO;
				GCC_NO_COMMON_BLOCKS = YES;
				GCC_OPTIMIZATION_LEVEL = 0;
				GCC_PREPROCESSOR_DEFINITIONS = (
					"DEBUG=1",
					"$(inherited)",
				);
				GCC_WARN_64_TO_32_BIT_CONVERSION = YES;
				GCC_WARN_ABOUT_RETURN_TYPE = YES_ERROR;
				GCC_WARN_UNDECLARED_SELECTOR = YES;
				GCC_WARN_UNINITIALIZED_AUTOS = YES_AGGRESSIVE;
				GCC_WARN_UNUSED_FUNCTION = YES;
				GCC_WARN_UNUSED_VARIABLE = YES;
				IPHONEOS_DEPLOYMENT_TARGET = 15.5;
				MTL_ENABLE_DEBUG_INFO = INCLUDE_SOURCE;
				MTL_FAST_MATH = YES;
				ONLY_ACTIVE_ARCH = YES;
				SDKROOT = iphoneos;
				SWIFT_ACTIVE_COMPILATION_CONDITIONS = DEBUG;
				SWIFT_OPTIMIZATION_LEVEL = "-Onone";
			};
			name = Debug;
		};
		3C9DC03028AB1BC600F7DF07 /* Release */ = {
			isa = XCBuildConfiguration;
			buildSettings = {
				ALWAYS_SEARCH_USER_PATHS = NO;
				CLANG_ANALYZER_NONNULL = YES;
				CLANG_ANALYZER_NUMBER_OBJECT_CONVERSION = YES_AGGRESSIVE;
				CLANG_CXX_LANGUAGE_STANDARD = "gnu++17";
				CLANG_ENABLE_MODULES = YES;
				CLANG_ENABLE_OBJC_ARC = YES;
				CLANG_ENABLE_OBJC_WEAK = YES;
				CLANG_WARN_BLOCK_CAPTURE_AUTORELEASING = YES;
				CLANG_WARN_BOOL_CONVERSION = YES;
				CLANG_WARN_COMMA = YES;
				CLANG_WARN_CONSTANT_CONVERSION = YES;
				CLANG_WARN_DEPRECATED_OBJC_IMPLEMENTATIONS = YES;
				CLANG_WARN_DIRECT_OBJC_ISA_USAGE = YES_ERROR;
				CLANG_WARN_DOCUMENTATION_COMMENTS = YES;
				CLANG_WARN_EMPTY_BODY = YES;
				CLANG_WARN_ENUM_CONVERSION = YES;
				CLANG_WARN_INFINITE_RECURSION = YES;
				CLANG_WARN_INT_CONVERSION = YES;
				CLANG_WARN_NON_LITERAL_NULL_CONVERSION = YES;
				CLANG_WARN_OBJC_IMPLICIT_RETAIN_SELF = YES;
				CLANG_WARN_OBJC_LITERAL_CONVERSION = YES;
				CLANG_WARN_OBJC_ROOT_CLASS = YES_ERROR;
				CLANG_WARN_QUOTED_INCLUDE_IN_FRAMEWORK_HEADER = YES;
				CLANG_WARN_RANGE_LOOP_ANALYSIS = YES;
				CLANG_WARN_STRICT_PROTOTYPES = YES;
				CLANG_WARN_SUSPICIOUS_MOVE = YES;
				CLANG_WARN_UNGUARDED_AVAILABILITY = YES_AGGRESSIVE;
				CLANG_WARN_UNREACHABLE_CODE = YES;
				CLANG_WARN__DUPLICATE_METHOD_MATCH = YES;
				COPY_PHASE_STRIP = NO;
				DEBUG_INFORMATION_FORMAT = "dwarf-with-dsym";
				ENABLE_NS_ASSERTIONS = NO;
				ENABLE_STRICT_OBJC_MSGSEND = YES;
				GCC_C_LANGUAGE_STANDARD = gnu11;
				GCC_NO_COMMON_BLOCKS = YES;
				GCC_WARN_64_TO_32_BIT_CONVERSION = YES;
				GCC_WARN_ABOUT_RETURN_TYPE = YES_ERROR;
				GCC_WARN_UNDECLARED_SELECTOR = YES;
				GCC_WARN_UNINITIALIZED_AUTOS = YES_AGGRESSIVE;
				GCC_WARN_UNUSED_FUNCTION = YES;
				GCC_WARN_UNUSED_VARIABLE = YES;
				IPHONEOS_DEPLOYMENT_TARGET = 15.5;
				MTL_ENABLE_DEBUG_INFO = NO;
				MTL_FAST_MATH = YES;
				SDKROOT = iphoneos;
				SWIFT_COMPILATION_MODE = wholemodule;
				SWIFT_OPTIMIZATION_LEVEL = "-O";
				VALIDATE_PRODUCT = YES;
			};
			name = Release;
		};
		3C9DC03228AB1BC600F7DF07 /* Debug */ = {
			isa = XCBuildConfiguration;
			buildSettings = {
				ASSETCATALOG_COMPILER_APPICON_NAME = AppIcon;
				ASSETCATALOG_COMPILER_GLOBAL_ACCENT_COLOR_NAME = AccentColor;
				CODE_SIGN_STYLE = Automatic;
				CURRENT_PROJECT_VERSION = 1;
				DEVELOPMENT_ASSET_PATHS = "\"BMI_SwiftUI/Preview Content\"";
				DEVELOPMENT_TEAM = 82MG3496D8;
				ENABLE_PREVIEWS = YES;
				GENERATE_INFOPLIST_FILE = YES;
				INFOPLIST_KEY_UIApplicationSceneManifest_Generation = YES;
				INFOPLIST_KEY_UIApplicationSupportsIndirectInputEvents = YES;
				INFOPLIST_KEY_UILaunchScreen_Generation = YES;
				INFOPLIST_KEY_UISupportedInterfaceOrientations_iPad = "UIInterfaceOrientationPortrait UIInterfaceOrientationPortraitUpsideDown UIInterfaceOrientationLandscapeLeft UIInterfaceOrientationLandscapeRight";
				INFOPLIST_KEY_UISupportedInterfaceOrientations_iPhone = "UIInterfaceOrientationPortrait UIInterfaceOrientationLandscapeLeft UIInterfaceOrientationLandscapeRight";
				LD_RUNPATH_SEARCH_PATHS = (
					"$(inherited)",
					"@executable_path/Frameworks",
				);
				MARKETING_VERSION = 1.0;
				PRODUCT_BUNDLE_IDENTIFIER = "com.jisoopark.BMI-SwiftUI";
				PRODUCT_NAME = "$(TARGET_NAME)";
				SWIFT_EMIT_LOC_STRINGS = YES;
				SWIFT_VERSION = 5.0;
				TARGETED_DEVICE_FAMILY = "1,2";
			};
			name = Debug;
		};
		3C9DC03328AB1BC600F7DF07 /* Release */ = {
			isa = XCBuildConfiguration;
			buildSettings = {
				ASSETCATALOG_COMPILER_APPICON_NAME = AppIcon;
				ASSETCATALOG_COMPILER_GLOBAL_ACCENT_COLOR_NAME = AccentColor;
				CODE_SIGN_STYLE = Automatic;
				CURRENT_PROJECT_VERSION = 1;
				DEVELOPMENT_ASSET_PATHS = "\"BMI_SwiftUI/Preview Content\"";
				DEVELOPMENT_TEAM = 82MG3496D8;
				ENABLE_PREVIEWS = YES;
				GENERATE_INFOPLIST_FILE = YES;
				INFOPLIST_KEY_UIApplicationSceneManifest_Generation = YES;
				INFOPLIST_KEY_UIApplicationSupportsIndirectInputEvents = YES;
				INFOPLIST_KEY_UILaunchScreen_Generation = YES;
				INFOPLIST_KEY_UISupportedInterfaceOrientations_iPad = "UIInterfaceOrientationPortrait UIInterfaceOrientationPortraitUpsideDown UIInterfaceOrientationLandscapeLeft UIInterfaceOrientationLandscapeRight";
				INFOPLIST_KEY_UISupportedInterfaceOrientations_iPhone = "UIInterfaceOrientationPortrait UIInterfaceOrientationLandscapeLeft UIInterfaceOrientationLandscapeRight";
				LD_RUNPATH_SEARCH_PATHS = (
					"$(inherited)",
					"@executable_path/Frameworks",
				);
				MARKETING_VERSION = 1.0;
				PRODUCT_BUNDLE_IDENTIFIER = "com.jisoopark.BMI-SwiftUI";
				PRODUCT_NAME = "$(TARGET_NAME)";
				SWIFT_EMIT_LOC_STRINGS = YES;
				SWIFT_VERSION = 5.0;
				TARGETED_DEVICE_FAMILY = "1,2";
			};
			name = Release;
		};
		3C9DC03528AB1BC600F7DF07 /* Debug */ = {
			isa = XCBuildConfiguration;
			buildSettings = {
				ALWAYS_EMBED_SWIFT_STANDARD_LIBRARIES = YES;
				BUNDLE_LOADER = "$(TEST_HOST)";
				CODE_SIGN_STYLE = Automatic;
				CURRENT_PROJECT_VERSION = 1;
				DEVELOPMENT_TEAM = 82MG3496D8;
				GENERATE_INFOPLIST_FILE = YES;
				IPHONEOS_DEPLOYMENT_TARGET = 15.5;
				MARKETING_VERSION = 1.0;
				PRODUCT_BUNDLE_IDENTIFIER = "com.jisoopark.BMI-SwiftUITests";
				PRODUCT_NAME = "$(TARGET_NAME)";
				SWIFT_EMIT_LOC_STRINGS = NO;
				SWIFT_VERSION = 5.0;
				TARGETED_DEVICE_FAMILY = "1,2";
				TEST_HOST = "$(BUILT_PRODUCTS_DIR)/BMI_SwiftUI.app/BMI_SwiftUI";
			};
			name = Debug;
		};
		3C9DC03628AB1BC600F7DF07 /* Release */ = {
			isa = XCBuildConfiguration;
			buildSettings = {
				ALWAYS_EMBED_SWIFT_STANDARD_LIBRARIES = YES;
				BUNDLE_LOADER = "$(TEST_HOST)";
				CODE_SIGN_STYLE = Automatic;
				CURRENT_PROJECT_VERSION = 1;
				DEVELOPMENT_TEAM = 82MG3496D8;
				GENERATE_INFOPLIST_FILE = YES;
				IPHONEOS_DEPLOYMENT_TARGET = 15.5;
				MARKETING_VERSION = 1.0;
				PRODUCT_BUNDLE_IDENTIFIER = "com.jisoopark.BMI-SwiftUITests";
				PRODUCT_NAME = "$(TARGET_NAME)";
				SWIFT_EMIT_LOC_STRINGS = NO;
				SWIFT_VERSION = 5.0;
				TARGETED_DEVICE_FAMILY = "1,2";
				TEST_HOST = "$(BUILT_PRODUCTS_DIR)/BMI_SwiftUI.app/BMI_SwiftUI";
			};
			name = Release;
		};
		3C9DC03828AB1BC600F7DF07 /* Debug */ = {
			isa = XCBuildConfiguration;
			buildSettings = {
				ALWAYS_EMBED_SWIFT_STANDARD_LIBRARIES = YES;
				CODE_SIGN_STYLE = Automatic;
				CURRENT_PROJECT_VERSION = 1;
				DEVELOPMENT_TEAM = 82MG3496D8;
				GENERATE_INFOPLIST_FILE = YES;
				MARKETING_VERSION = 1.0;
				PRODUCT_BUNDLE_IDENTIFIER = "com.jisoopark.BMI-SwiftUIUITests";
				PRODUCT_NAME = "$(TARGET_NAME)";
				SWIFT_EMIT_LOC_STRINGS = NO;
				SWIFT_VERSION = 5.0;
				TARGETED_DEVICE_FAMILY = "1,2";
				TEST_TARGET_NAME = BMI_SwiftUI;
			};
			name = Debug;
		};
		3C9DC03928AB1BC600F7DF07 /* Release */ = {
			isa = XCBuildConfiguration;
			buildSettings = {
				ALWAYS_EMBED_SWIFT_STANDARD_LIBRARIES = YES;
				CODE_SIGN_STYLE = Automatic;
				CURRENT_PROJECT_VERSION = 1;
				DEVELOPMENT_TEAM = 82MG3496D8;
				GENERATE_INFOPLIST_FILE = YES;
				MARKETING_VERSION = 1.0;
				PRODUCT_BUNDLE_IDENTIFIER = "com.jisoopark.BMI-SwiftUIUITests";
				PRODUCT_NAME = "$(TARGET_NAME)";
				SWIFT_EMIT_LOC_STRINGS = NO;
				SWIFT_VERSION = 5.0;
				TARGETED_DEVICE_FAMILY = "1,2";
				TEST_TARGET_NAME = BMI_SwiftUI;
			};
			name = Release;
		};
/* End XCBuildConfiguration section */

/* Begin XCConfigurationList section */
		3C9DC00828AB1BC500F7DF07 /* Build configuration list for PBXProject "BMI_SwiftUI" */ = {
			isa = XCConfigurationList;
			buildConfigurations = (
				3C9DC02F28AB1BC600F7DF07 /* Debug */,
				3C9DC03028AB1BC600F7DF07 /* Release */,
			);
			defaultConfigurationIsVisible = 0;
			defaultConfigurationName = Release;
		};
		3C9DC03128AB1BC600F7DF07 /* Build configuration list for PBXNativeTarget "BMI_SwiftUI" */ = {
			isa = XCConfigurationList;
			buildConfigurations = (
				3C9DC03228AB1BC600F7DF07 /* Debug */,
				3C9DC03328AB1BC600F7DF07 /* Release */,
			);
			defaultConfigurationIsVisible = 0;
			defaultConfigurationName = Release;
		};
		3C9DC03428AB1BC600F7DF07 /* Build configuration list for PBXNativeTarget "BMI_SwiftUITests" */ = {
			isa = XCConfigurationList;
			buildConfigurations = (
				3C9DC03528AB1BC600F7DF07 /* Debug */,
				3C9DC03628AB1BC600F7DF07 /* Release */,
			);
			defaultConfigurationIsVisible = 0;
			defaultConfigurationName = Release;
		};
		3C9DC03728AB1BC600F7DF07 /* Build configuration list for PBXNativeTarget "BMI_SwiftUIUITests" */ = {
			isa = XCConfigurationList;
			buildConfigurations = (
				3C9DC03828AB1BC600F7DF07 /* Debug */,
				3C9DC03928AB1BC600F7DF07 /* Release */,
			);
			defaultConfigurationIsVisible = 0;
			defaultConfigurationName = Release;
		};
/* End XCConfigurationList section */
	};
	rootObject = 3C9DC00528AB1BC500F7DF07 /* Project object */;
}
